Microsoft Visual Studio Solution File, Format Version 12.00
# Visual Studio Version 16
VisualStudioVersion = 16.0.30503.244
MinimumVisualStudioVersion = 10.0.40219.1
Project("{9A19103F-16F7-4668-BE54-9A1E7A4F7556}") = "Support_Your_Locals", "Support_Your_Locals\Support_Your_Locals.csproj", "{00F11BAE-5269-4430-81FA-49565C33473E}"
EndProject
Project("{9A19103F-16F7-4668-BE54-9A1E7A4F7556}") = "Support_Your_Locals.Tests", "Support_Your_Locals.Tests\Support_Your_Locals.Tests.csproj", "{CBA557BF-E0AF-417B-AF95-49C6F26190F3}"
EndProject
Project("{2150E333-8FDC-42A3-9474-1A3956D46DE8}") = "Solution Items", "Solution Items", "{7AA8AC50-4CFD-4CCE-889D-DF91FCC5ADBC}"
	ProjectSection(SolutionItems) = preProject
		.editorconfig = .editorconfig
	EndProjectSection
EndProject
Project("{9A19103F-16F7-4668-BE54-9A1E7A4F7556}") = "RestAPI", "RestAPI\RestAPI.csproj", "{79418CE3-2B72-4F92-A457-5F661C9E23C5}"
EndProject
Project("{FAE04EC0-301F-11D3-BF4B-00C04F79EFBC}") = "MSupportYourLocals.Android", "MSupportYourLocals\MSupportYourLocals.Android\MSupportYourLocals.Android.csproj", "{1EFC3C6A-3757-4451-978D-C97875993960}"
EndProject
Project("{FAE04EC0-301F-11D3-BF4B-00C04F79EFBC}") = "MSupportYourLocals.iOS", "MSupportYourLocals\MSupportYourLocals.iOS\MSupportYourLocals.iOS.csproj", "{5082914A-F3A4-471B-ABF7-BD80605A2238}"
EndProject
Project("{FAE04EC0-301F-11D3-BF4B-00C04F79EFBC}") = "MSupportYourLocals", "MSupportYourLocals\MSupportYourLocals\MSupportYourLocals.csproj", "{500A44E8-1F89-4B57-A66B-116D922304CD}"
EndProject
Global
	GlobalSection(SolutionConfigurationPlatforms) = preSolution
		Debug|Any CPU = Debug|Any CPU
		Debug|iPhone = Debug|iPhone
		Debug|iPhoneSimulator = Debug|iPhoneSimulator
		Release|Any CPU = Release|Any CPU
		Release|iPhone = Release|iPhone
		Release|iPhoneSimulator = Release|iPhoneSimulator
	EndGlobalSection
	GlobalSection(ProjectConfigurationPlatforms) = postSolution
		{00F11BAE-5269-4430-81FA-49565C33473E}.Debug|Any CPU.ActiveCfg = Debug|Any CPU
		{00F11BAE-5269-4430-81FA-49565C33473E}.Debug|Any CPU.Build.0 = Debug|Any CPU
		{00F11BAE-5269-4430-81FA-49565C33473E}.Debug|iPhone.ActiveCfg = Debug|Any CPU
		{00F11BAE-5269-4430-81FA-49565C33473E}.Debug|iPhone.Build.0 = Debug|Any CPU
		{00F11BAE-5269-4430-81FA-49565C33473E}.Debug|iPhoneSimulator.ActiveCfg = Debug|Any CPU
		{00F11BAE-5269-4430-81FA-49565C33473E}.Debug|iPhoneSimulator.Build.0 = Debug|Any CPU
		{00F11BAE-5269-4430-81FA-49565C33473E}.Release|Any CPU.ActiveCfg = Release|Any CPU
		{00F11BAE-5269-4430-81FA-49565C33473E}.Release|Any CPU.Build.0 = Release|Any CPU
		{00F11BAE-5269-4430-81FA-49565C33473E}.Release|iPhone.ActiveCfg = Release|Any CPU
		{00F11BAE-5269-4430-81FA-49565C33473E}.Release|iPhone.Build.0 = Release|Any CPU
		{00F11BAE-5269-4430-81FA-49565C33473E}.Release|iPhoneSimulator.ActiveCfg = Release|Any CPU
		{00F11BAE-5269-4430-81FA-49565C33473E}.Release|iPhoneSimulator.Build.0 = Release|Any CPU
		{CBA557BF-E0AF-417B-AF95-49C6F26190F3}.Debug|Any CPU.ActiveCfg = Debug|Any CPU
		{CBA557BF-E0AF-417B-AF95-49C6F26190F3}.Debug|Any CPU.Build.0 = Debug|Any CPU
		{CBA557BF-E0AF-417B-AF95-49C6F26190F3}.Debug|iPhone.ActiveCfg = Debug|Any CPU
		{CBA557BF-E0AF-417B-AF95-49C6F26190F3}.Debug|iPhone.Build.0 = Debug|Any CPU
		{CBA557BF-E0AF-417B-AF95-49C6F26190F3}.Debug|iPhoneSimulator.ActiveCfg = Debug|Any CPU
		{CBA557BF-E0AF-417B-AF95-49C6F26190F3}.Debug|iPhoneSimulator.Build.0 = Debug|Any CPU
		{CBA557BF-E0AF-417B-AF95-49C6F26190F3}.Release|Any CPU.ActiveCfg = Release|Any CPU
		{CBA557BF-E0AF-417B-AF95-49C6F26190F3}.Release|Any CPU.Build.0 = Release|Any CPU
		{CBA557BF-E0AF-417B-AF95-49C6F26190F3}.Release|iPhone.ActiveCfg = Release|Any CPU
		{CBA557BF-E0AF-417B-AF95-49C6F26190F3}.Release|iPhone.Build.0 = Release|Any CPU
		{CBA557BF-E0AF-417B-AF95-49C6F26190F3}.Release|iPhoneSimulator.ActiveCfg = Release|Any CPU
		{CBA557BF-E0AF-417B-AF95-49C6F26190F3}.Release|iPhoneSimulator.Build.0 = Release|Any CPU
		{79418CE3-2B72-4F92-A457-5F661C9E23C5}.Debug|Any CPU.ActiveCfg = Debug|Any CPU
		{79418CE3-2B72-4F92-A457-5F661C9E23C5}.Debug|Any CPU.Build.0 = Debug|Any CPU
		{79418CE3-2B72-4F92-A457-5F661C9E23C5}.Debug|iPhone.ActiveCfg = Debug|Any CPU
		{79418CE3-2B72-4F92-A457-5F661C9E23C5}.Debug|iPhone.Build.0 = Debug|Any CPU
		{79418CE3-2B72-4F92-A457-5F661C9E23C5}.Debug|iPhoneSimulator.ActiveCfg = Debug|Any CPU
		{79418CE3-2B72-4F92-A457-5F661C9E23C5}.Debug|iPhoneSimulator.Build.0 = Debug|Any CPU
		{79418CE3-2B72-4F92-A457-5F661C9E23C5}.Release|Any CPU.ActiveCfg = Release|Any CPU
		{79418CE3-2B72-4F92-A457-5F661C9E23C5}.Release|Any CPU.Build.0 = Release|Any CPU
		{79418CE3-2B72-4F92-A457-5F661C9E23C5}.Release|iPhone.ActiveCfg = Release|Any CPU
		{79418CE3-2B72-4F92-A457-5F661C9E23C5}.Release|iPhone.Build.0 = Release|Any CPU
		{79418CE3-2B72-4F92-A457-5F661C9E23C5}.Release|iPhoneSimulator.ActiveCfg = Release|Any CPU
		{79418CE3-2B72-4F92-A457-5F661C9E23C5}.Release|iPhoneSimulator.Build.0 = Release|Any CPU
		{1EFC3C6A-3757-4451-978D-C97875993960}.Debug|Any CPU.ActiveCfg = Debug|Any CPU
		{1EFC3C6A-3757-4451-978D-C97875993960}.Debug|Any CPU.Build.0 = Debug|Any CPU
		{1EFC3C6A-3757-4451-978D-C97875993960}.Debug|Any CPU.Deploy.0 = Debug|Any CPU
		{1EFC3C6A-3757-4451-978D-C97875993960}.Debug|iPhone.ActiveCfg = Debug|Any CPU
		{1EFC3C6A-3757-4451-978D-C97875993960}.Debug|iPhone.Build.0 = Debug|Any CPU
		{1EFC3C6A-3757-4451-978D-C97875993960}.Debug|iPhone.Deploy.0 = Debug|Any CPU
		{1EFC3C6A-3757-4451-978D-C97875993960}.Debug|iPhoneSimulator.ActiveCfg = Debug|Any CPU
		{1EFC3C6A-3757-4451-978D-C97875993960}.Debug|iPhoneSimulator.Build.0 = Debug|Any CPU
		{1EFC3C6A-3757-4451-978D-C97875993960}.Debug|iPhoneSimulator.Deploy.0 = Debug|Any CPU
		{1EFC3C6A-3757-4451-978D-C97875993960}.Release|Any CPU.ActiveCfg = Release|Any CPU
		{1EFC3C6A-3757-4451-978D-C97875993960}.Release|Any CPU.Build.0 = Release|Any CPU
		{1EFC3C6A-3757-4451-978D-C97875993960}.Release|Any CPU.Deploy.0 = Release|Any CPU
		{1EFC3C6A-3757-4451-978D-C97875993960}.Release|iPhone.ActiveCfg = Release|Any CPU
		{1EFC3C6A-3757-4451-978D-C97875993960}.Release|iPhone.Build.0 = Release|Any CPU
		{1EFC3C6A-3757-4451-978D-C97875993960}.Release|iPhone.Deploy.0 = Release|Any CPU
		{1EFC3C6A-3757-4451-978D-C97875993960}.Release|iPhoneSimulator.ActiveCfg = Release|Any CPU
		{1EFC3C6A-3757-4451-978D-C97875993960}.Release|iPhoneSimulator.Build.0 = Release|Any CPU
		{1EFC3C6A-3757-4451-978D-C97875993960}.Release|iPhoneSimulator.Deploy.0 = Release|Any CPU
		{5082914A-F3A4-471B-ABF7-BD80605A2238}.Debug|Any CPU.ActiveCfg = Debug|iPhoneSimulator
		{5082914A-F3A4-471B-ABF7-BD80605A2238}.Debug|iPhone.ActiveCfg = Debug|iPhone
		{5082914A-F3A4-471B-ABF7-BD80605A2238}.Debug|iPhone.Build.0 = Debug|iPhone
		{5082914A-F3A4-471B-ABF7-BD80605A2238}.Debug|iPhoneSimulator.ActiveCfg = Debug|iPhoneSimulator
		{5082914A-F3A4-471B-ABF7-BD80605A2238}.Debug|iPhoneSimulator.Build.0 = Debug|iPhoneSimulator
		{5082914A-F3A4-471B-ABF7-BD80605A2238}.Release|Any CPU.ActiveCfg = Release|iPhoneSimulator
		{5082914A-F3A4-471B-ABF7-BD80605A2238}.Release|iPhone.ActiveCfg = Release|iPhone
		{5082914A-F3A4-471B-ABF7-BD80605A2238}.Release|iPhone.Build.0 = Release|iPhone
		{5082914A-F3A4-471B-ABF7-BD80605A2238}.Release|iPhoneSimulator.ActiveCfg = Release|iPhoneSimulator
		{5082914A-F3A4-471B-ABF7-BD80605A2238}.Release|iPhoneSimulator.Build.0 = Release|iPhoneSimulator
		{500A44E8-1F89-4B57-A66B-116D922304CD}.Debug|Any CPU.ActiveCfg = Debug|Any CPU
		{500A44E8-1F89-4B57-A66B-116D922304CD}.Debug|Any CPU.Build.0 = Debug|Any CPU
		{500A44E8-1F89-4B57-A66B-116D922304CD}.Debug|iPhone.ActiveCfg = Debug|Any CPU
		{500A44E8-1F89-4B57-A66B-116D922304CD}.Debug|iPhone.Build.0 = Debug|Any CPU
		{500A44E8-1F89-4B57-A66B-116D922304CD}.Debug|iPhoneSimulator.ActiveCfg = Debug|Any CPU
		{500A44E8-1F89-4B57-A66B-116D922304CD}.Debug|iPhoneSimulator.Build.0 = Debug|Any CPU
		{500A44E8-1F89-4B57-A66B-116D922304CD}.Release|Any CPU.ActiveCfg = Release|Any CPU
		{500A44E8-1F89-4B57-A66B-116D922304CD}.Release|Any CPU.Build.0 = Release|Any CPU
		{500A44E8-1F89-4B57-A66B-116D922304CD}.Release|iPhone.ActiveCfg = Release|Any CPU
		{500A44E8-1F89-4B57-A66B-116D922304CD}.Release|iPhone.Build.0 = Release|Any CPU
		{500A44E8-1F89-4B57-A66B-116D922304CD}.Release|iPhoneSimulator.ActiveCfg = Release|Any CPU
		{500A44E8-1F89-4B57-A66B-116D922304CD}.Release|iPhoneSimulator.Build.0 = Release|Any CPU
	EndGlobalSection
	GlobalSection(SolutionProperties) = preSolution
		HideSolutionNode = FALSE
	EndGlobalSection
	GlobalSection(ExtensibilityGlobals) = postSolution
		SolutionGuid = {7749A299-D62A-4FBE-B833-F56C1FB612EB}
	EndGlobalSection
EndGlobal
